
Microsoft Visual Studio Solution File, Format Version 12.00
# Visual Studio 15
VisualStudioVersion = 15.0.28307.1831
MinimumVisualStudioVersion = 10.0.40219.1
Project("{FAE04EC0-301F-11D3-BF4B-00C04F79EFBC}") = "самработа3", "самработа3\самработа3.csproj", "{952A6007-CE7B-4DB5-8DD4-B2F675B0ACBF}"
EndProject
Global
	GlobalSection(SolutionConfigurationPlatforms) = preSolution
		Debug|Any CPU = Debug|Any CPU
		Release|Any CPU = Release|Any CPU
	EndGlobalSection
	GlobalSection(ProjectConfigurationPlatforms) = postSolution
		{952A6007-CE7B-4DB5-8DD4-B2F675B0ACBF}.Debug|Any CPU.ActiveCfg = Debug|Any CPU
		{952A6007-CE7B-4DB5-8DD4-B2F675B0ACBF}.Debug|Any CPU.Build.0 = Debug|Any CPU
		{952A6007-CE7B-4DB5-8DD4-B2F675B0ACBF}.Release|Any CPU.ActiveCfg = Release|Any CPU
		{952A6007-CE7B-4DB5-8DD4-B2F675B0ACBF}.Release|Any CPU.Build.0 = Release|Any CPU
	EndGlobalSection
	GlobalSection(SolutionProperties) = preSolution
		HideSolutionNode = FALSE
	EndGlobalSection
	GlobalSection(ExtensibilityGlobals) = postSolution
		SolutionGuid = {2ADFF29B-060B-483C-ABAC-E435DEC24B37}
	EndGlobalSection
EndGlobal
